github.com/BurntSushi/toml v0.1.1-0.20150501104042-056c9bc7be71 h1:KAQc1CTRbk1f17TCGJgSL5kOTzbT7luTSdD+O8FLUNg=
github.com/BurntSushi/toml v0.1.1-0.20150501104042-056c9bc7be71/go.mod h1:xHWCNGjB5oqiDr8zfno3MHue2Ht5sIBksp03qcyfWMU=
github.com/daaku/go.httpgzip v0.0.0-20140814204418-3f59977b58c6 h1:BouYasakD/XnYb/tCttOyJOsfjBwLR+dDzKnZBkADHs=
github.com/daaku/go.httpgzip v0.0.0-20140814204418-3f59977b58c6/go.mod h1:oS4QGj57ttv8kMrVsLv6T4tUYpcxOWtz9Zgn7WM4LbY=
github.com/davecgh/go-spew v1.1.0 h1:ZDRjVQ15GmhC3fiQ8ni8+OwkZQO4DARzQgrnXU1Liz8=
github.com/davecgh/go-spew v1.1.0/go.mod h1:J7Y8YcW2NihsgmVo/mv3lAwl/skON4iLHjSsI+c5H38=
github.com/dimfeld/httppath v0.0.0-20140515164737-c8e499c3ef3c h1:ZUydtQ3zIrvM9JaBsb4vcVgueTwEDFLfo3pm7MWWH7k=
github.com/dimfeld/httppath v0.0.0-20140515164737-c8e499c3ef3c/go.mod h1:0FpDmbrt36utu8jEmeU05dPC9AB5tsLYVVi+ZHfyuwI=
github.com/dimfeld/httptreemux v0.0.0-20150808211449-89abad647066 h1:izg+dPjhXA0kdGM3Mx2FtOWtty9v2Pq4yt0f4zJwor0=
github.com/dimfeld/httptreemux v0.0.0-20150808211449-89abad647066/go.mod h1:rbUlSV+CCpv/SuqUTP/8Bk2O3LyUV436/yaRGkhP6Z0=
github.com/klauspost/compress v0.0.0-20160219151715-f9625351863b h1:VNJpELdnQOl49W1xQi6vKVcesFJfNIaknPABA9kIG0s=
github.com/klauspost/compress v0.0.0-20160219151715-f9625351863b/go.mod h1:RyIbtBH6LamlWaDj8nUwkbUhJ87Yi3uG0guNDohfE1A=
github.com/klauspost/cpuid v0.0.0-20160219142657-2c698c6aef59 h1:2DHLVoWSFj58UarfwA/K50wFSClD0ALgYRa1/x8c1ms=
github.com/klauspost/cpuid v0.0.0-20160219142657-2c698c6aef59/go.mod h1:Pj4uuM528wm8OyEC2QMXAi2YiTZ96dNQPGgoMS4s3ek=
github.com/klauspost/crc32 v0.0.0-20160219142609-19b0b332c9e4 h1:0jrD8pR/1NKAvCBLkGl3sBjJbSiUwHKvqrXChkVIDPQ=
github.com/klauspost/crc32 v0.0.0-20160219142609-19b0b332c9e4/go.mod h1:+ZoRqAPRLkC4NPOvfYeR5KNOrY6TD+/sAC3HXPZgDYg=
github.com/lib/pq v0.0.0-20150805090526-b269bd035a72 h1:Evl8MFiGbPt2+wcGGqv/V3vU+07BmhX987FZP6VQKfU=
github.com/lib/pq v0.0.0-20150805090526-b269bd035a72/go.mod h1:5WUZQaWbwv1U+lTReE5YruASi9Al49XbQIvNi/34Woo=
github.com/lib/pq v1.10.4 h1:SO9z7FRPzA03QhHKJrH5BXA6HU1rS4V2nIVrrNC1iYk=
github.com/lib/pq v1.10.4/go.mod h1:AlVN5x4E4T544tWzH6hKfbfQvm3HdbOxrmggDNAPY9o=
github.com/pmezard/go-difflib v1.0.0 h1:4DBwDE0NGyQoBHbLQYPwSUPoCMWR5BEzIk/f1lZbAQM=
github.com/pmezard/go-difflib v1.0.0/go.mod h1:iKH77koFhYxTK1pcRnkKkqfTogsbg7gZNVY4sRDYZ/4=
github.com/robfig/cron v1.0.1-0.20141203011048-67823cd24dec h1:mhyY8LLpu91YkLbPg2Zu8BnvmnP48A/Q27GlUw8+Jyc=
github.com/robfig/cron v1.0.1-0.20141203011048-67823cd24dec/go.mod h1:JGuDeoQd7Z6yL4zQhZ3OPEVHB7fL6Ka6skscFHfmt2k=
github.com/stathat/go v1.0.0 h1:HFIS5YkyaI6tXu7JXIRRZBLRvYstdNZm034zcCeaybI=
github.com/stathat/go v1.0.0/go.mod h1:+9Eg2szqkcOGWv6gfheJmBBsmq9Qf5KDbzy8/aYYR0c=
github.com/stretchr/objx v0.1.0/go.mod h1:HFkY916IF+rwdDfMAkV7OtwuqBVzrE8GR6GFx+wExME=
github.com/stretchr/testify v1.7.0 h1:nwc3DEeHmmLAfoZucVR881uASk0Mfjw8xYJ99tb5CcY=
github.com/stretchr/testify v1.7.0/go.mod h1:6Fq8oRcR53rry900zMqJjRRixrwX3KX962/h/Wwjteg=
golang.org/x/crypto v0.0.0-20161031180806-9477e0b78b9a h1:Esnda2KnXoH6s+xVTf9zaZg3o4p6d9C25WBNxxDHwOU=
golang.org/x/crypto v0.0.0-20161031180806-9477e0b78b9a/go.mod h1:6SG95UA2DQfeDnfUPMdvaQW0Q7yPrPDi9nlGo2tz2b4=
golang.org/x/text v0.0.0-20151217213507-cf4986612c83 h1:2NeUrYJPszR8afXQYwg0lHx1oDq/2MzQ/uZFeXAOVJU=
golang.org/x/text v0.0.0-20151217213507-cf4986612c83/go.mod h1:NqM8EUOU14njkJ3fqMW+pc6Ldnwhi/IjpwHt7yyuwOQ=
gopkg.in/check.v1 v0.0.0-20161208181325-20d25e280405 h1:yhCVgyC4o1eVCa2tZl7eS0r+SDo693bJlVdllGtEeKM=
gopkg.in/check.v1 v0.0.0-20161208181325-20d25e280405/go.mod h1:Co6ibVJAznAaIkqp8huTwlJQCZ016jof/cbN4VW5Yz0=
gopkg.in/yaml.v3 v3.0.0-20200313102051-9f266ea9e77c h1:dUUwHk2QECo/6vqA44rthZ8ie2QXMNeKRTHCNY2nXvo=
gopkg.in/yaml.v3 v3.0.0-20200313102051-9f266ea9e77c/go.mod h1:K4uyk7z7BCEPqu6E+C64Yfv1cQ7kz7rIZviUmN+EgEM=
